
Microsoft Visual Studio Solution File, Format Version 11.00
# Visual Studio 2010
Project("{FAE04EC0-301F-11D3-BF4B-00C04F79EFBC}") = "Assembly-CSharp", "Assembly-CSharp.csproj", "{96f88847-b4bc-9027-eec5-bb5e73788ba7}"
EndProject
Project("{FAE04EC0-301F-11D3-BF4B-00C04F79EFBC}") = "Assembly-CSharp-Editor", "Assembly-CSharp-Editor.csproj", "{689a7ec5-9270-a916-63f0-f4268f8434e7}"
EndProject
Global
	GlobalSection(SolutionConfigurationPlatforms) = preSolution
		Debug|Any CPU = Debug|Any CPU
	EndGlobalSection
	GlobalSection(ProjectConfigurationPlatforms) = postSolution
		{96f88847-b4bc-9027-eec5-bb5e73788ba7}.Debug|Any CPU.ActiveCfg = Debug|Any CPU
		{96f88847-b4bc-9027-eec5-bb5e73788ba7}.Debug|Any CPU.Build.0 = Debug|Any CPU
		{689a7ec5-9270-a916-63f0-f4268f8434e7}.Debug|Any CPU.ActiveCfg = Debug|Any CPU
		{689a7ec5-9270-a916-63f0-f4268f8434e7}.Debug|Any CPU.Build.0 = Debug|Any CPU
	EndGlobalSection
	GlobalSection(SolutionProperties) = preSolution
		HideSolutionNode = FALSE
	EndGlobalSection
EndGlobal
